<?xml version="1.0" encoding="utf-8"?>
<Project ToolsVersion="4.0" xmlns="http://schemas.microsoft.com/developer/msbuild/2003">
  <ItemGroup>
    <Filter Include="Source Files">
      <UniqueIdentifier>{4FC737F1-C7A5-4376-A066-2A32D752A2FF}</UniqueIdentifier>
      <Extensions>cpp;cxx;c;def</Extensions>
    </Filter>
    <Filter Include="Generated Files">
      <UniqueIdentifier>{71ED8ED8-ACB9-4CE9-BBE1-E00B30144E11}</UniqueIdentifier>
      <Extensions>moc;h;cpp</Extensions>
      <SourceControlFiles>False</SourceControlFiles>
    </Filter>
    <Filter Include="Generated Files\Debug">
      <UniqueIdentifier>{c4372a92-a929-487e-9337-9f97dd1a7ba5}</UniqueIdentifier>
      <Extensions>cpp;moc</Extensions>
      <SourceControlFiles>False</SourceControlFiles>
    </Filter>
    <Filter Include="Generated Files\Release">
      <UniqueIdentifier>{f611d7ae-c1b4-4a2d-87d8-793c1ca572ca}</UniqueIdentifier>
      <Extensions>cpp;moc</Extensions>
      <SourceControlFiles>False</SourceControlFiles>
    </Filter>
    <Filter Include="Resource Files">
      <UniqueIdentifier>{D9D6E242-F8AF-46E4-B9FD-80ECBC20BA3E}</UniqueIdentifier>
      <Extensions>qrc;*</Extensions>
      <ParseFiles>false</ParseFiles>
    </Filter>
    <Filter Include="AbstractClass">
      <UniqueIdentifier>{152c7495-961b-425c-b564-550d0c5dd335}</UniqueIdentifier>
    </Filter>
    <Filter Include="Message">
      <UniqueIdentifier>{cc8ae5ff-19fd-4fc3-9abf-3474029de142}</UniqueIdentifier>
    </Filter>
    <Filter Include="Other">
      <UniqueIdentifier>{0ae554b4-3b67-4353-b458-2f04d5489209}</UniqueIdentifier>
    </Filter>
    <Filter Include="Frame">
      <UniqueIdentifier>{86f968ad-9cc7-426d-a116-eee0d40f7a07}</UniqueIdentifier>
    </Filter>
  </ItemGroup>
  <ItemGroup>
    <ClCompile Include="stdafx.cpp">
      <Filter>Source Files</Filter>
    </ClCompile>
    <ClCompile Include="DllMain.cpp">
      <Filter>Source Files</Filter>
    </ClCompile>
    <ClCompile Include="AbstractNetWork.cpp">
      <Filter>AbstractClass</Filter>
    </ClCompile>
    <ClCompile Include="AbstractWidget.cpp">
      <Filter>AbstractClass</Filter>
    </ClCompile>
    <ClCompile Include="MessageThread.cpp">
      <Filter>Message</Filter>
    </ClCompile>
    <ClCompile Include="Animation.cpp">
      <Filter>Other</Filter>
    </ClCompile>
    <ClCompile Include="SignalQueue.cpp">
      <Filter>Frame</Filter>
    </ClCompile>
    <ClCompile Include="MainFrame.cpp">
      <Filter>Frame</Filter>
    </ClCompile>
    <ClCompile Include="MainWidget.cpp">
      <Filter>Other</Filter>
    </ClCompile>
    <ClCompile Include="HintFrameWidget.cpp">
      <Filter>Other</Filter>
    </ClCompile>
    <ClCompile Include="AbstractMainWindow.cpp">
      <Filter>AbstractClass</Filter>
    </ClCompile>
    <ClCompile Include="AbstractObject.cpp">
      <Filter>AbstractClass</Filter>
    </ClCompile>
    <ClCompile Include="plugin.pb.cc">
      <Filter>Other</Filter>
    </ClCompile>
    <ClCompile Include="AbstractDialog.cpp">
      <Filter>AbstractClass</Filter>
    </ClCompile>
  </ItemGroup>
  <ItemGroup>
    <ClInclude Include="MessageTemplate.h">
      <Filter>Message</Filter>
    </ClInclude>
    <ClInclude Include="MacroDefine.h">
      <Filter>Other</Filter>
    </ClInclude>
    <ClInclude Include="stdafx.h">
      <Filter>Other</Filter>
    </ClInclude>
    <ClInclude Include="MainFrame_global.h">
      <Filter>Other</Filter>
    </ClInclude>
    <ClInclude Include="plugin.pb.h">
      <Filter>Other</Filter>
    </ClInclude>
    <ClInclude Include="PluginInfo.h">
      <Filter>Other</Filter>
    </ClInclude>
    <ClInclude Include="AbstractObject.h">
      <Filter>AbstractClass</Filter>
    </ClInclude>
  </ItemGroup>
  <ItemGroup>
    <QtMoc Include="AbstractNetWork.h">
      <Filter>AbstractClass</Filter>
    </QtMoc>
    <QtMoc Include="AbstractWidget.h">
      <Filter>AbstractClass</Filter>
    </QtMoc>
    <QtMoc Include="MessageThread.h">
      <Filter>Message</Filter>
    </QtMoc>
    <QtMoc Include="Animation.h">
      <Filter>Other</Filter>
    </QtMoc>
    <QtMoc Include="SignalQueue.h">
      <Filter>Frame</Filter>
    </QtMoc>
    <QtMoc Include="MainFrame.h">
      <Filter>Frame</Filter>
    </QtMoc>
    <QtMoc Include="MainWidget.h">
      <Filter>Other</Filter>
    </QtMoc>
    <QtMoc Include="HintFrameWidget.h">
      <Filter>Other</Filter>
    </QtMoc>
    <QtMoc Include="AbstractMainWindow.h">
      <Filter>AbstractClass</Filter>
    </QtMoc>
    <QtMoc Include="AbstractDialog.h">
      <Filter>AbstractClass</Filter>
    </QtMoc>
  </ItemGroup>
  <ItemGroup>
    <None Include="ClassDiagram.cd" />
  </ItemGroup>
</Project>